
Microsoft Visual Studio Solution File, Format Version 12.00
# Visual Studio 15
VisualStudioVersion = 15.0.28010.2019
MinimumVisualStudioVersion = 10.0.40219.1
Project("{8BC9CEB8-8B4A-11D0-8D11-00A0C91BC942}") = "Scientific Calculator", "Scientific Calculator\Scientific Calculator.vcxproj", "{E555B2B2-4FAA-46B5-A9F1-A27975060334}"
EndProject
Global
	GlobalSection(SolutionConfigurationPlatforms) = preSolution
		Debug|x64 = Debug|x64
		Debug|x86 = Debug|x86
		Release|x64 = Release|x64
		Release|x86 = Release|x86
	EndGlobalSection
	GlobalSection(ProjectConfigurationPlatforms) = postSolution
		{E555B2B2-4FAA-46B5-A9F1-A27975060334}.Debug|x64.ActiveCfg = Debug|x64
		{E555B2B2-4FAA-46B5-A9F1-A27975060334}.Debug|x64.Build.0 = Debug|x64
		{E555B2B2-4FAA-46B5-A9F1-A27975060334}.Debug|x86.ActiveCfg = Debug|Win32
		{E555B2B2-4FAA-46B5-A9F1-A27975060334}.Debug|x86.Build.0 = Debug|Win32
		{E555B2B2-4FAA-46B5-A9F1-A27975060334}.Release|x64.ActiveCfg = Release|x64
		{E555B2B2-4FAA-46B5-A9F1-A27975060334}.Release|x64.Build.0 = Release|x64
		{E555B2B2-4FAA-46B5-A9F1-A27975060334}.Release|x86.ActiveCfg = Release|Win32
		{E555B2B2-4FAA-46B5-A9F1-A27975060334}.Release|x86.Build.0 = Release|Win32
	EndGlobalSection
	GlobalSection(SolutionProperties) = preSolution
		HideSolutionNode = FALSE
	EndGlobalSection
	GlobalSection(ExtensibilityGlobals) = postSolution
		SolutionGuid = {4D9FED00-FE4A-4D61-A700-840610DB9745}
	EndGlobalSection
EndGlobal
